
Microsoft Visual Studio Solution File, Format Version 12.00
# Visual Studio Version 17
VisualStudioVersion = 17.13.35828.75
MinimumVisualStudioVersion = 10.0.40219.1
Project("{FAE04EC0-301F-11D3-BF4B-00C04F79EFBC}") = "Waizor", "Waizor\Waizor.csproj", "{13AA240C-6B14-4E5E-9F9D-7BFC8E5BD7C8}"
EndProject
Project("{FAE04EC0-301F-11D3-BF4B-00C04F79EFBC}") = "Waizor.UI", "Waizor.UI\Waizor.UI.csproj", "{4195121C-9100-2E61-B1C0-B25728E57836}"
EndProject
Global
	GlobalSection(SolutionConfigurationPlatforms) = preSolution
		Debug|Any CPU = Debug|Any CPU
		Release|Any CPU = Release|Any CPU
	EndGlobalSection
	GlobalSection(ProjectConfigurationPlatforms) = postSolution
		{13AA240C-6B14-4E5E-9F9D-7BFC8E5BD7C8}.Debug|Any CPU.ActiveCfg = Debug|Any CPU
		{13AA240C-6B14-4E5E-9F9D-7BFC8E5BD7C8}.Debug|Any CPU.Build.0 = Debug|Any CPU
		{13AA240C-6B14-4E5E-9F9D-7BFC8E5BD7C8}.Release|Any CPU.ActiveCfg = Release|Any CPU
		{13AA240C-6B14-4E5E-9F9D-7BFC8E5BD7C8}.Release|Any CPU.Build.0 = Release|Any CPU
		{4195121C-9100-2E61-B1C0-B25728E57836}.Debug|Any CPU.ActiveCfg = Debug|Any CPU
		{4195121C-9100-2E61-B1C0-B25728E57836}.Debug|Any CPU.Build.0 = Debug|Any CPU
		{4195121C-9100-2E61-B1C0-B25728E57836}.Release|Any CPU.ActiveCfg = Release|Any CPU
		{4195121C-9100-2E61-B1C0-B25728E57836}.Release|Any CPU.Build.0 = Release|Any CPU
	EndGlobalSection
	GlobalSection(SolutionProperties) = preSolution
		HideSolutionNode = FALSE
	EndGlobalSection
	GlobalSection(ExtensibilityGlobals) = postSolution
		SolutionGuid = {A22F43F5-8A18-4C15-AD97-B2F5C4AC5B8F}
	EndGlobalSection
EndGlobal
