
Microsoft Visual Studio Solution File, Format Version 12.00
# Visual Studio Version 17
VisualStudioVersion = 17.13.35828.75
MinimumVisualStudioVersion = 10.0.40219.1
Project("{FAE04EC0-301F-11D3-BF4B-00C04F79EFBC}") = "Waizor", "src\Waizor\Waizor.csproj", "{786599A9-F7B5-9C8E-B436-828512C71963}"
EndProject
Project("{FAE04EC0-301F-11D3-BF4B-00C04F79EFBC}") = "Waizor.Docs", "src\Waizor.Docs\Waizor.Docs.csproj", "{6C56D4E9-4133-BEF6-D2E9-8D82E0F59DFE}"
EndProject
Global
	GlobalSection(SolutionConfigurationPlatforms) = preSolution
		Debug|Any CPU = Debug|Any CPU
		Release|Any CPU = Release|Any CPU
	EndGlobalSection
	GlobalSection(ProjectConfigurationPlatforms) = postSolution
		{786599A9-F7B5-9C8E-B436-828512C71963}.Debug|Any CPU.ActiveCfg = Debug|Any CPU
		{786599A9-F7B5-9C8E-B436-828512C71963}.Debug|Any CPU.Build.0 = Debug|Any CPU
		{786599A9-F7B5-9C8E-B436-828512C71963}.Release|Any CPU.ActiveCfg = Release|Any CPU
		{786599A9-F7B5-9C8E-B436-828512C71963}.Release|Any CPU.Build.0 = Release|Any CPU
		{6C56D4E9-4133-BEF6-D2E9-8D82E0F59DFE}.Debug|Any CPU.ActiveCfg = Debug|Any CPU
		{6C56D4E9-4133-BEF6-D2E9-8D82E0F59DFE}.Debug|Any CPU.Build.0 = Debug|Any CPU
		{6C56D4E9-4133-BEF6-D2E9-8D82E0F59DFE}.Release|Any CPU.ActiveCfg = Release|Any CPU
		{6C56D4E9-4133-BEF6-D2E9-8D82E0F59DFE}.Release|Any CPU.Build.0 = Release|Any CPU
	EndGlobalSection
	GlobalSection(SolutionProperties) = preSolution
		HideSolutionNode = FALSE
	EndGlobalSection
	GlobalSection(ExtensibilityGlobals) = postSolution
		SolutionGuid = {A22F43F5-8A18-4C15-AD97-B2F5C4AC5B8F}
	EndGlobalSection
EndGlobal
